
Microsoft Visual Studio Solution File, Format Version 12.00
# Visual Studio Version 16
VisualStudioVersion = 16.0.31515.178
MinimumVisualStudioVersion = 10.0.40219.1
Project("{FAE04EC0-301F-11D3-BF4B-00C04F79EFBC}") = "BilgeKafe.Data", "BilgeKafe.Data\BilgeKafe.Data.csproj", "{FB488235-7EFE-4F88-B2A7-6D882D2EECB0}"
EndProject
Project("{FAE04EC0-301F-11D3-BF4B-00C04F79EFBC}") = "BilgeKafe.UI", "BilgeKafe.UI\BilgeKafe.UI.csproj", "{6F602666-0A53-41BA-8442-04AB02294C5E}"
EndProject
Global
	GlobalSection(SolutionConfigurationPlatforms) = preSolution
		Debug|Any CPU = Debug|Any CPU
		Release|Any CPU = Release|Any CPU
	EndGlobalSection
	GlobalSection(ProjectConfigurationPlatforms) = postSolution
		{FB488235-7EFE-4F88-B2A7-6D882D2EECB0}.Debug|Any CPU.ActiveCfg = Debug|Any CPU
		{FB488235-7EFE-4F88-B2A7-6D882D2EECB0}.Debug|Any CPU.Build.0 = Debug|Any CPU
		{FB488235-7EFE-4F88-B2A7-6D882D2EECB0}.Release|Any CPU.ActiveCfg = Release|Any CPU
		{FB488235-7EFE-4F88-B2A7-6D882D2EECB0}.Release|Any CPU.Build.0 = Release|Any CPU
		{6F602666-0A53-41BA-8442-04AB02294C5E}.Debug|Any CPU.ActiveCfg = Debug|Any CPU
		{6F602666-0A53-41BA-8442-04AB02294C5E}.Debug|Any CPU.Build.0 = Debug|Any CPU
		{6F602666-0A53-41BA-8442-04AB02294C5E}.Release|Any CPU.ActiveCfg = Release|Any CPU
		{6F602666-0A53-41BA-8442-04AB02294C5E}.Release|Any CPU.Build.0 = Release|Any CPU
	EndGlobalSection
	GlobalSection(SolutionProperties) = preSolution
		HideSolutionNode = FALSE
	EndGlobalSection
	GlobalSection(ExtensibilityGlobals) = postSolution
		SolutionGuid = {F097EEF5-0024-49BC-86FD-199F00974811}
	EndGlobalSection
EndGlobal
